Microsoft Visual Studio Solution File, Format Version 12.00
# Visual Studio Version 17
VisualStudioVersion = 17.13.35825.156
MinimumVisualStudioVersion = 10.0.40219.1
Project("{FAE04EC0-301F-11D3-BF4B-00C04F79EFBC}") = "Flow.Launcher.Plugin.UninstallerPlus", "Flow.Launcher.Plugin.UninstallerPlus\Flow.Launcher.Plugin.UninstallerPlus.csproj", "{B83B9475-3B60-4DD2-9C7B-49B65E8C593C}"
EndProject
Project("{FAE04EC0-301F-11D3-BF4B-00C04F79EFBC}") = "BulkCrapUninstaller.WPF.Test", "BulkCrapUninstaller.WPF.Test\BulkCrapUninstaller.WPF.Test.csproj", "{7164C26E-E9A3-C9A6-E780-3479942209B2}"
EndProject
Project("{FAE04EC0-301F-11D3-BF4B-00C04F79EFBC}") = "UninstallTools", "..\source\UninstallTools\UninstallTools.csproj", "{A5AA69AD-4A6F-AF19-290D-45F9E5A8CF3A}"
EndProject
Project("{FAE04EC0-301F-11D3-BF4B-00C04F79EFBC}") = "KlocTools", "..\source\KlocTools\KlocTools.csproj", "{8A6199A4-8D0F-A940-0687-988BBBE15F83}"
EndProject
Project("{FAE04EC0-301F-11D3-BF4B-00C04F79EFBC}") = "ObjectListView", "..\source\ObjectListView\ObjectListView.csproj", "{1262B504-8822-3EFB-B373-B3BB797E94CC}"
EndProject
Project("{FAE04EC0-301F-11D3-BF4B-00C04F79EFBC}") = "BulkCrapUninstaller", "BulkCrapUninstaller\BulkCrapUninstaller.csproj", "{F4A74902-99E6-8896-7289-2D705970B554}"
EndProject
Project("{FAE04EC0-301F-11D3-BF4B-00C04F79EFBC}") = "NetSettingBinder", "..\source\NetSettingBinder\NetSettingBinder.csproj", "{BBE10E43-0315-ECD6-B35D-6C4BB12B07FB}"
EndProject
Project("{FAE04EC0-301F-11D3-BF4B-00C04F79EFBC}") = "Build", "..\build\Build.csproj", "{4F1A5CD8-F08F-6B1C-4564-8476E15A785B}"
EndProject
Project("{D954291E-2A0B-460D-934E-DC6B0785DB48}") = "HelperTools", "..\source\HelperTools\HelperTools.shproj", "{73A9796D-334C-400C-87AC-1DFDD613266E}"
EndProject
Project("{2150E333-8FDC-42A3-9474-1A3956D46DE8}") = "Solution Items", "Solution Items", "{089100B1-113F-4E66-888A-E83F3999EAFD}"
	ProjectSection(SolutionItems) = preProject
		..\.gitignore = ..\.gitignore
		..\README.md = ..\README.md
	EndProjectSection
EndProject
Global
	GlobalSection(SolutionConfigurationPlatforms) = preSolution
		Debug|Any CPU = Debug|Any CPU
		Release|Any CPU = Release|Any CPU
	EndGlobalSection
	GlobalSection(ProjectConfigurationPlatforms) = postSolution
		{B83B9475-3B60-4DD2-9C7B-49B65E8C593C}.Debug|Any CPU.ActiveCfg = Debug|Any CPU
		{B83B9475-3B60-4DD2-9C7B-49B65E8C593C}.Debug|Any CPU.Build.0 = Debug|Any CPU
		{B83B9475-3B60-4DD2-9C7B-49B65E8C593C}.Release|Any CPU.ActiveCfg = Release|Any CPU
		{B83B9475-3B60-4DD2-9C7B-49B65E8C593C}.Release|Any CPU.Build.0 = Release|Any CPU
		{7164C26E-E9A3-C9A6-E780-3479942209B2}.Debug|Any CPU.ActiveCfg = Debug|Any CPU
		{7164C26E-E9A3-C9A6-E780-3479942209B2}.Debug|Any CPU.Build.0 = Debug|Any CPU
		{7164C26E-E9A3-C9A6-E780-3479942209B2}.Release|Any CPU.ActiveCfg = Release|Any CPU
		{7164C26E-E9A3-C9A6-E780-3479942209B2}.Release|Any CPU.Build.0 = Release|Any CPU
		{A5AA69AD-4A6F-AF19-290D-45F9E5A8CF3A}.Debug|Any CPU.ActiveCfg = Debug|Any CPU
		{A5AA69AD-4A6F-AF19-290D-45F9E5A8CF3A}.Debug|Any CPU.Build.0 = Debug|Any CPU
		{A5AA69AD-4A6F-AF19-290D-45F9E5A8CF3A}.Release|Any CPU.ActiveCfg = Release|Any CPU
		{A5AA69AD-4A6F-AF19-290D-45F9E5A8CF3A}.Release|Any CPU.Build.0 = Release|Any CPU
		{8A6199A4-8D0F-A940-0687-988BBBE15F83}.Debug|Any CPU.ActiveCfg = Debug|Any CPU
		{8A6199A4-8D0F-A940-0687-988BBBE15F83}.Debug|Any CPU.Build.0 = Debug|Any CPU
		{8A6199A4-8D0F-A940-0687-988BBBE15F83}.Release|Any CPU.ActiveCfg = Release|Any CPU
		{8A6199A4-8D0F-A940-0687-988BBBE15F83}.Release|Any CPU.Build.0 = Release|Any CPU
		{1262B504-8822-3EFB-B373-B3BB797E94CC}.Debug|Any CPU.ActiveCfg = Debug|Any CPU
		{1262B504-8822-3EFB-B373-B3BB797E94CC}.Debug|Any CPU.Build.0 = Debug|Any CPU
		{1262B504-8822-3EFB-B373-B3BB797E94CC}.Release|Any CPU.ActiveCfg = Release|Any CPU
		{1262B504-8822-3EFB-B373-B3BB797E94CC}.Release|Any CPU.Build.0 = Release|Any CPU
		{F4A74902-99E6-8896-7289-2D705970B554}.Debug|Any CPU.ActiveCfg = Debug|Any CPU
		{F4A74902-99E6-8896-7289-2D705970B554}.Debug|Any CPU.Build.0 = Debug|Any CPU
		{F4A74902-99E6-8896-7289-2D705970B554}.Release|Any CPU.ActiveCfg = Release|Any CPU
		{F4A74902-99E6-8896-7289-2D705970B554}.Release|Any CPU.Build.0 = Release|Any CPU
		{BBE10E43-0315-ECD6-B35D-6C4BB12B07FB}.Debug|Any CPU.ActiveCfg = Debug|Any CPU
		{BBE10E43-0315-ECD6-B35D-6C4BB12B07FB}.Debug|Any CPU.Build.0 = Debug|Any CPU
		{BBE10E43-0315-ECD6-B35D-6C4BB12B07FB}.Release|Any CPU.ActiveCfg = Release|Any CPU
		{BBE10E43-0315-ECD6-B35D-6C4BB12B07FB}.Release|Any CPU.Build.0 = Release|Any CPU
		{4F1A5CD8-F08F-6B1C-4564-8476E15A785B}.Debug|Any CPU.ActiveCfg = Debug|Any CPU
		{4F1A5CD8-F08F-6B1C-4564-8476E15A785B}.Debug|Any CPU.Build.0 = Debug|Any CPU
		{4F1A5CD8-F08F-6B1C-4564-8476E15A785B}.Release|Any CPU.ActiveCfg = Release|Any CPU
		{4F1A5CD8-F08F-6B1C-4564-8476E15A785B}.Release|Any CPU.Build.0 = Release|Any CPU
	EndGlobalSection
	GlobalSection(SolutionProperties) = preSolution
		HideSolutionNode = FALSE
	EndGlobalSection
	GlobalSection(ExtensibilityGlobals) = postSolution
		SolutionGuid = {FCEF4E55-DC24-404A-9AC2-B8766A1305D8}
	EndGlobalSection
	GlobalSection(SharedMSBuildProjectFiles) = preSolution
		..\source\HelperTools\HelperTools.projitems*{73a9796d-334c-400c-87ac-1dfdd613266e}*SharedItemsImports = 13
		..\source\HelperTools\HelperTools.projitems*{f4a74902-99e6-8896-7289-2d705970b554}*SharedItemsImports = 5
	EndGlobalSection
EndGlobal
